
Microsoft Visual Studio Solution File, Format Version 12.00
# Visual Studio 15
VisualStudioVersion = 15.0.28307.757
MinimumVisualStudioVersion = 10.0.40219.1
Project("{FAE04EC0-301F-11D3-BF4B-00C04F79EFBC}") = "AnalisisNumerico1", "AnalisisNumerico1\AnalisisNumerico1.csproj", "{E277FDA4-C498-43F2-B372-12F4F2E402F0}"
EndProject
Project("{FAE04EC0-301F-11D3-BF4B-00C04F79EFBC}") = "Logica", "Logica\Logica.csproj", "{0746D2EE-DDE0-4512-9679-4003E1077DFC}"
EndProject
Global
	GlobalSection(SolutionConfigurationPlatforms) = preSolution
		Debug|Any CPU = Debug|Any CPU
		Release|Any CPU = Release|Any CPU
	EndGlobalSection
	GlobalSection(ProjectConfigurationPlatforms) = postSolution
		{E277FDA4-C498-43F2-B372-12F4F2E402F0}.Debug|Any CPU.ActiveCfg = Debug|Any CPU
		{E277FDA4-C498-43F2-B372-12F4F2E402F0}.Debug|Any CPU.Build.0 = Debug|Any CPU
		{E277FDA4-C498-43F2-B372-12F4F2E402F0}.Release|Any CPU.ActiveCfg = Release|Any CPU
		{E277FDA4-C498-43F2-B372-12F4F2E402F0}.Release|Any CPU.Build.0 = Release|Any CPU
		{0746D2EE-DDE0-4512-9679-4003E1077DFC}.Debug|Any CPU.ActiveCfg = Debug|Any CPU
		{0746D2EE-DDE0-4512-9679-4003E1077DFC}.Debug|Any CPU.Build.0 = Debug|Any CPU
		{0746D2EE-DDE0-4512-9679-4003E1077DFC}.Release|Any CPU.ActiveCfg = Release|Any CPU
		{0746D2EE-DDE0-4512-9679-4003E1077DFC}.Release|Any CPU.Build.0 = Release|Any CPU
	EndGlobalSection
	GlobalSection(SolutionProperties) = preSolution
		HideSolutionNode = FALSE
	EndGlobalSection
	GlobalSection(ExtensibilityGlobals) = postSolution
		SolutionGuid = {68DFDC6B-41F5-41E9-B7E6-C4E5F1CEA11F}
	EndGlobalSection
EndGlobal
